
Microsoft Visual Studio Solution File, Format Version 12.00
# Visual Studio 15
VisualStudioVersion = 15.0.28307.572
MinimumVisualStudioVersion = 10.0.40219.1
Project("{FAE04EC0-301F-11D3-BF4B-00C04F79EFBC}") = "InExRecordApp", "InExRecordApp\InExRecordApp.csproj", "{75ECBEB3-929F-4A8D-8577-3307407BD067}"
EndProject
Global
	GlobalSection(SolutionConfigurationPlatforms) = preSolution
		Debug|Any CPU = Debug|Any CPU
		Release|Any CPU = Release|Any CPU
	EndGlobalSection
	GlobalSection(ProjectConfigurationPlatforms) = postSolution
		{75ECBEB3-929F-4A8D-8577-3307407BD067}.Debug|Any CPU.ActiveCfg = Debug|Any CPU
		{75ECBEB3-929F-4A8D-8577-3307407BD067}.Debug|Any CPU.Build.0 = Debug|Any CPU
		{75ECBEB3-929F-4A8D-8577-3307407BD067}.Release|Any CPU.ActiveCfg = Release|Any CPU
		{75ECBEB3-929F-4A8D-8577-3307407BD067}.Release|Any CPU.Build.0 = Release|Any CPU
	EndGlobalSection
	GlobalSection(SolutionProperties) = preSolution
		HideSolutionNode = FALSE
	EndGlobalSection
	GlobalSection(ExtensibilityGlobals) = postSolution
		SolutionGuid = {122692A1-D422-4FF6-8890-EDD5ED8A5D49}
	EndGlobalSection
EndGlobal
